// !$*UTF8*$!
{
	archiveVersion = 1;
	classes = {
	};
	objectVersion = 56;
	objects = {

/* Begin PBXBuildFile section */
		49836B8129CF0257003B534E /* AppDelegate.swift in Sources */ = {isa = PBXBuildFile; fileRef = 49836B8029CF0257003B534E /* AppDelegate.swift */; };
		49836B8329CF0257003B534E /* SceneDelegate.swift in Sources */ = {isa = PBXBuildFile; fileRef = 49836B8229CF0257003B534E /* SceneDelegate.swift */; };
		49836B8529CF0257003B534E /* ViewController.swift in Sources */ = {isa = PBXBuildFile; fileRef = 49836B8429CF0257003B534E /* ViewController.swift */; };
		49836B8829CF0257003B534E /* Main.storyboard in Resources */ = {isa = PBXBuildFile; fileRef = 49836B8629CF0257003B534E /* Main.storyboard */; };
		49836B8A29CF0258003B534E /* Assets.xcassets in Resources */ = {isa = PBXBuildFile; fileRef = 49836B8929CF0258003B534E /* Assets.xcassets */; };
		49836B8D29CF0258003B534E /* LaunchScreen.storyboard in Resources */ = {isa = PBXBuildFile; fileRef = 49836B8B29CF0258003B534E /* LaunchScreen.storyboard */; };
		49836B9529CF0262003B534E /* API.swift in Sources */ = {isa = PBXBuildFile; fileRef = 49836B9429CF0262003B534E /* API.swift */; };
		49836B9729CF026E003B534E /* NetworkManager.swift in Sources */ = {isa = PBXBuildFile; fileRef = 49836B9629CF026E003B534E /* NetworkManager.swift */; };
		49836B9929CF027A003B534E /* Constants.swift in Sources */ = {isa = PBXBuildFile; fileRef = 49836B9829CF027A003B534E /* Constants.swift */; };
		49836B9C29CF0290003B534E /* MovieResponse.swift in Sources */ = {isa = PBXBuildFile; fileRef = 49836B9B29CF0290003B534E /* MovieResponse.swift */; };
		B57A2E77BE1C83088631B65C /* Pods_MoyaMyTemplate.framework in Frameworks */ = {isa = PBXBuildFile; fileRef = E1350A18D3F2808014B11898 /* Pods_MoyaMyTemplate.framework */; };
/* End PBXBuildFile section */

/* Begin PBXFileReference section */
		49836B7D29CF0257003B534E /* MoyaMyTemplate.app */ = {isa = PBXFileReference; explicitFileType = wrapper.application; includeInIndex = 0; path = MoyaMyTemplate.app; sourceTree = BUILT_PRODUCTS_DIR; };
		49836B8029CF0257003B534E /* AppDelegate.swift */ = {isa = PBXFileReference; lastKnownFileType = sourcecode.swift; path = AppDelegate.swift; sourceTree = "<group>"; };
		49836B8229CF0257003B534E /* SceneDelegate.swift */ = {isa = PBXFileReference; lastKnownFileType = sourcecode.swift; path = SceneDelegate.swift; sourceTree = "<group>"; };
		49836B8429CF0257003B534E /* ViewController.swift */ = {isa = PBXFileReference; lastKnownFileType = sourcecode.swift; path = ViewController.swift; sourceTree = "<group>"; };
		49836B8729CF0257003B534E /* Base */ = {isa = PBXFileReference; lastKnownFileType = file.storyboard; name = Base; path = Base.lproj/Main.storyboard; sourceTree = "<group>"; };
		49836B8929CF0258003B534E /* Assets.xcassets */ = {isa = PBXFileReference; lastKnownFileType = folder.assetcatalog; path = Assets.xcassets; sourceTree = "<group>"; };
		49836B8C29CF0258003B534E /* Base */ = {isa = PBXFileReference; lastKnownFileType = file.storyboard; name = Base; path = Base.lproj/LaunchScreen.storyboard; sourceTree = "<group>"; };
		49836B8E29CF0258003B534E /* Info.plist */ = {isa = PBXFileReference; lastKnownFileType = text.plist.xml; path = Info.plist; sourceTree = "<group>"; };
		49836B9429CF0262003B534E /* API.swift */ = {isa = PBXFileReference; lastKnownFileType = sourcecode.swift; path = API.swift; sourceTree = "<group>"; };
		49836B9629CF026E003B534E /* NetworkManager.swift */ = {isa = PBXFileReference; lastKnownFileType = sourcecode.swift; path = NetworkManager.swift; sourceTree = "<group>"; };
		49836B9829CF027A003B534E /* Constants.swift */ = {isa = PBXFileReference; lastKnownFileType = sourcecode.swift; path = Constants.swift; sourceTree = "<group>"; };
		49836B9B29CF0290003B534E /* MovieResponse.swift */ = {isa = PBXFileReference; lastKnownFileType = sourcecode.swift; path = MovieResponse.swift; sourceTree = "<group>"; };
		592922ED15FE2FF003F51C23 /* Pods-MoyaMyTemplate.debug.xcconfig */ = {isa = PBXFileReference; includeInIndex = 1; lastKnownFileType = text.xcconfig; name = "Pods-MoyaMyTemplate.debug.xcconfig"; path = "Target Support Files/Pods-MoyaMyTemplate/Pods-MoyaMyTemplate.debug.xcconfig"; sourceTree = "<group>"; };
		60B1FB8A4F61F8E728570D1A /* Pods-MoyaMyTemplate.release.xcconfig */ = {isa = PBXFileReference; includeInIndex = 1; lastKnownFileType = text.xcconfig; name = "Pods-MoyaMyTemplate.release.xcconfig"; path = "Target Support Files/Pods-MoyaMyTemplate/Pods-MoyaMyTemplate.release.xcconfig"; sourceTree = "<group>"; };
		E1350A18D3F2808014B11898 /* Pods_MoyaMyTemplate.framework */ = {isa = PBXFileReference; explicitFileType = wrapper.framework; includeInIndex = 0; path = Pods_MoyaMyTemplate.framework; sourceTree = BUILT_PRODUCTS_DIR; };
/* End PBXFileReference section */

/* Begin PBXFrameworksBuildPhase section */
		49836B7A29CF0257003B534E /* Frameworks */ = {
			isa = PBXFrameworksBuildPhase;
			buildActionMask = 2147483647;
			files = (
				B57A2E77BE1C83088631B65C /* Pods_MoyaMyTemplate.framework in Frameworks */,
			);
			runOnlyForDeploymentPostprocessing = 0;
		};
/* End PBXFrameworksBuildPhase section */

/* Begin PBXGroup section */
		49836B7429CF0257003B534E = {
			isa = PBXGroup;
			children = (
				49836B7F29CF0257003B534E /* MoyaMyTemplate */,
				49836B7E29CF0257003B534E /* Products */,
				529A3A7731E9DF7CCD2920FB /* Pods */,
				C6E62AAA4F45526F69B14274 /* Frameworks */,
			);
			sourceTree = "<group>";
		};
		49836B7E29CF0257003B534E /* Products */ = {
			isa = PBXGroup;
			children = (
				49836B7D29CF0257003B534E /* MoyaMyTemplate.app */,
			);
			name = Products;
			sourceTree = "<group>";
		};
		49836B7F29CF0257003B534E /* MoyaMyTemplate */ = {
			isa = PBXGroup;
			children = (
				49836B8029CF0257003B534E /* AppDelegate.swift */,
				49836B8229CF0257003B534E /* SceneDelegate.swift */,
				49836B8429CF0257003B534E /* ViewController.swift */,
				49836B8629CF0257003B534E /* Main.storyboard */,
				49836B8929CF0258003B534E /* Assets.xcassets */,
				49836B8B29CF0258003B534E /* LaunchScreen.storyboard */,
				49836B8E29CF0258003B534E /* Info.plist */,
				49836B9429CF0262003B534E /* API.swift */,
				49836B9629CF026E003B534E /* NetworkManager.swift */,
				49836B9829CF027A003B534E /* Constants.swift */,
				49836B9A29CF0282003B534E /* Models */,
			);
			path = MoyaMyTemplate;
			sourceTree = "<group>";
		};
		49836B9A29CF0282003B534E /* Models */ = {
			isa = PBXGroup;
			children = (
				49836B9B29CF0290003B534E /* MovieResponse.swift */,
			);
			path = Models;
			sourceTree = "<group>";
		};
		529A3A7731E9DF7CCD2920FB /* Pods */ = {
			isa = PBXGroup;
			children = (
				592922ED15FE2FF003F51C23 /* Pods-MoyaMyTemplate.debug.xcconfig */,
				60B1FB8A4F61F8E728570D1A /* Pods-MoyaMyTemplate.release.xcconfig */,
			);
			name = Pods;
			path = Pods;
			sourceTree = "<group>";
		};
		C6E62AAA4F45526F69B14274 /* Frameworks */ = {
			isa = PBXGroup;
			children = (
				E1350A18D3F2808014B11898 /* Pods_MoyaMyTemplate.framework */,
			);
			name = Frameworks;
			sourceTree = "<group>";
		};
/* End PBXGroup section */

/* Begin PBXNativeTarget section */
		49836B7C29CF0257003B534E /* MoyaMyTemplate */ = {
			isa = PBXNativeTarget;
			buildConfigurationList = 49836B9129CF0258003B534E /* Build configuration list for PBXNativeTarget "MoyaMyTemplate" */;
			buildPhases = (
				5B1D3D2268C1220DE849ACF7 /* [CP] Check Pods Manifest.lock */,
				49836B7929CF0257003B534E /* Sources */,
				49836B7A29CF0257003B534E /* Frameworks */,
				49836B7B29CF0257003B534E /* Resources */,
				843E28BB47CBC9D0FB0E01DD /* [CP] Embed Pods Frameworks */,
			);
			buildRules = (
			);
			dependencies = (
			);
			name = MoyaMyTemplate;
			productName = MoyaMyTemplate;
			productReference = 49836B7D29CF0257003B534E /* MoyaMyTemplate.app */;
			productType = "com.apple.product-type.application";
		};
/* End PBXNativeTarget section */

/* Begin PBXProject section */
		49836B7529CF0257003B534E /* Project object */ = {
			isa = PBXProject;
			attributes = {
				BuildIndependentTargetsInParallel = 1;
				LastSwiftUpdateCheck = 1420;
				LastUpgradeCheck = 1420;
				TargetAttributes = {
					49836B7C29CF0257003B534E = {
						CreatedOnToolsVersion = 14.2;
					};
				};
			};
			buildConfigurationList = 49836B7829CF0257003B534E /* Build configuration list for PBXProject "MoyaMyTemplate" */;
			compatibilityVersion = "Xcode 14.0";
			developmentRegion = en;
			hasScannedForEncodings = 0;
			knownRegions = (
				en,
				Base,
			);
			mainGroup = 49836B7429CF0257003B534E;
			productRefGroup = 49836B7E29CF0257003B534E /* Products */;
			projectDirPath = "";
			projectRoot = "";
			targets = (
				49836B7C29CF0257003B534E /* MoyaMyTemplate */,
			);
		};
/* End PBXProject section */

/* Begin PBXResourcesBuildPhase section */
		49836B7B29CF0257003B534E /* Resources */ = {
			isa = PBXResourcesBuildPhase;
			buildActionMask = 2147483647;
			files = (
				49836B8D29CF0258003B534E /* LaunchScreen.storyboard in Resources */,
				49836B8A29CF0258003B534E /* Assets.xcassets in Resources */,
				49836B8829CF0257003B534E /* Main.storyboard in Resources */,
			);
			runOnlyForDeploymentPostprocessing = 0;
		};
/* End PBXResourcesBuildPhase section */

/* Begin PBXShellScriptBuildPhase section */
		5B1D3D2268C1220DE849ACF7 /* [CP] Check Pods Manifest.lock */ = {
			isa = PBXShellScriptBuildPhase;
			buildActionMask = 2147483647;
			files = (
			);
			inputFileListPaths = (
			);
			inputPaths = (
				"${PODS_PODFILE_DIR_PATH}/Podfile.lock",
				"${PODS_ROOT}/Manifest.lock",
			);
			name = "[CP] Check Pods Manifest.lock";
			outputFileListPaths = (
			);
			outputPaths = (
				"$(DERIVED_FILE_DIR)/Pods-MoyaMyTemplate-checkManifestLockResult.txt",
			);
			runOnlyForDeploymentPostprocessing = 0;
			shellPath = /bin/sh;
			shellScript = "diff \"${PODS_PODFILE_DIR_PATH}/Podfile.lock\" \"${PODS_ROOT}/Manifest.lock\" > /dev/null\nif [ $? != 0 ] ; then\n    # print error to STDERR\n    echo \"error: The sandbox is not in sync with the Podfile.lock. Run 'pod install' or update your CocoaPods installation.\" >&2\n    exit 1\nfi\n# This output is used by Xcode 'outputs' to avoid re-running this script phase.\necho \"SUCCESS\" > \"${SCRIPT_OUTPUT_FILE_0}\"\n";
			showEnvVarsInLog = 0;
		};
		843E28BB47CBC9D0FB0E01DD /* [CP] Embed Pods Frameworks */ = {
			isa = PBXShellScriptBuildPhase;
			buildActionMask = 2147483647;
			files = (
			);
			inputFileListPaths = (
				"${PODS_ROOT}/Target Support Files/Pods-MoyaMyTemplate/Pods-MoyaMyTemplate-frameworks-${CONFIGURATION}-input-files.xcfilelist",
			);
			name = "[CP] Embed Pods Frameworks";
			outputFileListPaths = (
				"${PODS_ROOT}/Target Support Files/Pods-MoyaMyTemplate/Pods-MoyaMyTemplate-frameworks-${CONFIGURATION}-output-files.xcfilelist",
			);
			runOnlyForDeploymentPostprocessing = 0;
			shellPath = /bin/sh;
			shellScript = "\"${PODS_ROOT}/Target Support Files/Pods-MoyaMyTemplate/Pods-MoyaMyTemplate-frameworks.sh\"\n";
			showEnvVarsInLog = 0;
		};
/* End PBXShellScriptBuildPhase section */

/* Begin PBXSourcesBuildPhase section */
		49836B7929CF0257003B534E /* Sources */ = {
			isa = PBXSourcesBuildPhase;
			buildActionMask = 2147483647;
			files = (
				49836B9C29CF0290003B534E /* MovieResponse.swift in Sources */,
				49836B8529CF0257003B534E /* ViewController.swift in Sources */,
				49836B8129CF0257003B534E /* AppDelegate.swift in Sources */,
				49836B9729CF026E003B534E /* NetworkManager.swift in Sources */,
				49836B9529CF0262003B534E /* API.swift in Sources */,
				49836B8329CF0257003B534E /* SceneDelegate.swift in Sources */,
				49836B9929CF027A003B534E /* Constants.swift in Sources */,
			);
			runOnlyForDeploymentPostprocessing = 0;
		};
/* End PBXSourcesBuildPhase section */

/* Begin PBXVariantGroup section */
		49836B8629CF0257003B534E /* Main.storyboard */ = {
			isa = PBXVariantGroup;
			children = (
				49836B8729CF0257003B534E /* Base */,
			);
			name = Main.storyboard;
			sourceTree = "<group>";
		};
		49836B8B29CF0258003B534E /* LaunchScreen.storyboard */ = {
			isa = PBXVariantGroup;
			children = (
				49836B8C29CF0258003B534E /* Base */,
			);
			name = LaunchScreen.storyboard;
			sourceTree = "<group>";
		};
/* End PBXVariantGroup section */

/* Begin XCBuildConfiguration section */
		49836B8F29CF0258003B534E /* Debug */ = {
			isa = XCBuildConfiguration;
			buildSettings = {
				ALWAYS_SEARCH_USER_PATHS = NO;
				CLANG_ANALYZER_NONNULL = YES;
				CLANG_ANALYZER_NUMBER_OBJECT_CONVERSION = YES_AGGRESSIVE;
				CLANG_CXX_LANGUAGE_STANDARD = "gnu++20";
				CLANG_ENABLE_MODULES = YES;
				CLANG_ENABLE_OBJC_ARC = YES;
				CLANG_ENABLE_OBJC_WEAK = YES;
				CLANG_WARN_BLOCK_CAPTURE_AUTORELEASING = YES;
				CLANG_WARN_BOOL_CONVERSION = YES;
				CLANG_WARN_COMMA = YES;
				CLANG_WARN_CONSTANT_CONVERSION = YES;
				CLANG_WARN_DEPRECATED_OBJC_IMPLEMENTATIONS = YES;
				CLANG_WARN_DIRECT_OBJC_ISA_USAGE = YES_ERROR;
				CLANG_WARN_DOCUMENTATION_COMMENTS = YES;
				CLANG_WARN_EMPTY_BODY = YES;
				CLANG_WARN_ENUM_CONVERSION = YES;
				CLANG_WARN_INFINITE_RECURSION = YES;
				CLANG_WARN_INT_CONVERSION = YES;
				CLANG_WARN_NON_LITERAL_NULL_CONVERSION = YES;
				CLANG_WARN_OBJC_IMPLICIT_RETAIN_SELF = YES;
				CLANG_WARN_OBJC_LITERAL_CONVERSION = YES;
				CLANG_WARN_OBJC_ROOT_CLASS = YES_ERROR;
				CLANG_WARN_QUOTED_INCLUDE_IN_FRAMEWORK_HEADER = YES;
				CLANG_WARN_RANGE_LOOP_ANALYSIS = YES;
				CLANG_WARN_STRICT_PROTOTYPES = YES;
				CLANG_WARN_SUSPICIOUS_MOVE = YES;
				CLANG_WARN_UNGUARDED_AVAILABILITY = YES_AGGRESSIVE;
				CLANG_WARN_UNREACHABLE_CODE = YES;
				CLANG_WARN__DUPLICATE_METHOD_MATCH = YES;
				COPY_PHASE_STRIP = NO;
				DEBUG_INFORMATION_FORMAT = dwarf;
				ENABLE_STRICT_OBJC_MSGSEND = YES;
				ENABLE_TESTABILITY = YES;
				GCC_C_LANGUAGE_STANDARD = gnu11;
				GCC_DYNAMIC_NO_PIC = NO;
				GCC_NO_COMMON_BLOCKS = YES;
				GCC_OPTIMIZATION_LEVEL = 0;
				GCC_PREPROCESSOR_DEFINITIONS = (
					"DEBUG=1",
					"$(inherited)",
				);
				GCC_WARN_64_TO_32_BIT_CONVERSION = YES;
				GCC_WARN_ABOUT_RETURN_TYPE = YES_ERROR;
				GCC_WARN_UNDECLARED_SELECTOR = YES;
				GCC_WARN_UNINITIALIZED_AUTOS = YES_AGGRESSIVE;
				GCC_WARN_UNUSED_FUNCTION = YES;
				GCC_WARN_UNUSED_VARIABLE = YES;
				IPHONEOS_DEPLOYMENT_TARGET = 16.2;
				MTL_ENABLE_DEBUG_INFO = INCLUDE_SOURCE;
				MTL_FAST_MATH = YES;
				ONLY_ACTIVE_ARCH = YES;
				SDKROOT = iphoneos;
				SWIFT_ACTIVE_COMPILATION_CONDITIONS = DEBUG;
				SWIFT_OPTIMIZATION_LEVEL = "-Onone";
			};
			name = Debug;
		};
		49836B9029CF0258003B534E /* Release */ = {
			isa = XCBuildConfiguration;
			buildSettings = {
				ALWAYS_SEARCH_USER_PATHS = NO;
				CLANG_ANALYZER_NONNULL = YES;
				CLANG_ANALYZER_NUMBER_OBJECT_CONVERSION = YES_AGGRESSIVE;
				CLANG_CXX_LANGUAGE_STANDARD = "gnu++20";
				CLANG_ENABLE_MODULES = YES;
				CLANG_ENABLE_OBJC_ARC = YES;
				CLANG_ENABLE_OBJC_WEAK = YES;
				CLANG_WARN_BLOCK_CAPTURE_AUTORELEASING = YES;
				CLANG_WARN_BOOL_CONVERSION = YES;
				CLANG_WARN_COMMA = YES;
				CLANG_WARN_CONSTANT_CONVERSION = YES;
				CLANG_WARN_DEPRECATED_OBJC_IMPLEMENTATIONS = YES;
				CLANG_WARN_DIRECT_OBJC_ISA_USAGE = YES_ERROR;
				CLANG_WARN_DOCUMENTATION_COMMENTS = YES;
				CLANG_WARN_EMPTY_BODY = YES;
				CLANG_WARN_ENUM_CONVERSION = YES;
				CLANG_WARN_INFINITE_RECURSION = YES;
				CLANG_WARN_INT_CONVERSION = YES;
				CLANG_WARN_NON_LITERAL_NULL_CONVERSION = YES;
				CLANG_WARN_OBJC_IMPLICIT_RETAIN_SELF = YES;
				CLANG_WARN_OBJC_LITERAL_CONVERSION = YES;
				CLANG_WARN_OBJC_ROOT_CLASS = YES_ERROR;
				CLANG_WARN_QUOTED_INCLUDE_IN_FRAMEWORK_HEADER = YES;
				CLANG_WARN_RANGE_LOOP_ANALYSIS = YES;
				CLANG_WARN_STRICT_PROTOTYPES = YES;
				CLANG_WARN_SUSPICIOUS_MOVE = YES;
				CLANG_WARN_UNGUARDED_AVAILABILITY = YES_AGGRESSIVE;
				CLANG_WARN_UNREACHABLE_CODE = YES;
				CLANG_WARN__DUPLICATE_METHOD_MATCH = YES;
				COPY_PHASE_STRIP = NO;
				DEBUG_INFORMATION_FORMAT = "dwarf-with-dsym";
				ENABLE_NS_ASSERTIONS = NO;
				ENABLE_STRICT_OBJC_MSGSEND = YES;
				GCC_C_LANGUAGE_STANDARD = gnu11;
				GCC_NO_COMMON_BLOCKS = YES;
				GCC_WARN_64_TO_32_BIT_CONVERSION = YES;
				GCC_WARN_ABOUT_RETURN_TYPE = YES_ERROR;
				GCC_WARN_UNDECLARED_SELECTOR = YES;
				GCC_WARN_UNINITIALIZED_AUTOS = YES_AGGRESSIVE;
				GCC_WARN_UNUSED_FUNCTION = YES;
				GCC_WARN_UNUSED_VARIABLE = YES;
				IPHONEOS_DEPLOYMENT_TARGET = 16.2;
				MTL_ENABLE_DEBUG_INFO = NO;
				MTL_FAST_MATH = YES;
				SDKROOT = iphoneos;
				SWIFT_COMPILATION_MODE = wholemodule;
				SWIFT_OPTIMIZATION_LEVEL = "-O";
				VALIDATE_PRODUCT = YES;
			};
			name = Release;
		};
		49836B9229CF0258003B534E /* Debug */ = {
			isa = XCBuildConfiguration;
			baseConfigurationReference = 592922ED15FE2FF003F51C23 /* Pods-MoyaMyTemplate.debug.xcconfig */;
			buildSettings = {
				ASSETCATALOG_COMPILER_APPICON_NAME = AppIcon;
				ASSETCATALOG_COMPILER_GLOBAL_ACCENT_COLOR_NAME = AccentColor;
				CODE_SIGN_STYLE = Automatic;
				CURRENT_PROJECT_VERSION = 1;
				DEVELOPMENT_TEAM = T8V4E75DU8;
				GENERATE_INFOPLIST_FILE = YES;
				INFOPLIST_FILE = MoyaMyTemplate/Info.plist;
				INFOPLIST_KEY_UIApplicationSupportsIndirectInputEvents = YES;
				INFOPLIST_KEY_UILaunchStoryboardName = LaunchScreen;
				INFOPLIST_KEY_UIMainStoryboardFile = Main;
				INFOPLIST_KEY_UISupportedInterfaceOrientations_iPad = "UIInterfaceOrientationPortrait UIInterfaceOrientationPortraitUpsideDown UIInterfaceOrientationLandscapeLeft UIInterfaceOrientationLandscapeRight";
				INFOPLIST_KEY_UISupportedInterfaceOrientations_iPhone = "UIInterfaceOrientationPortrait UIInterfaceOrientationLandscapeLeft UIInterfaceOrientationLandscapeRight";
				LD_RUNPATH_SEARCH_PATHS = (
					"$(inherited)",
					"@executable_path/Frameworks",
				);
				MARKETING_VERSION = 1.0;
				PRODUCT_BUNDLE_IDENTIFIER = com.shafigin.emil.MoyaMyTemplate;
				PRODUCT_NAME = "$(TARGET_NAME)";
				SWIFT_EMIT_LOC_STRINGS = YES;
				SWIFT_VERSION = 5.0;
				TARGETED_DEVICE_FAMILY = "1,2";
			};
			name = Debug;
		};
		49836B9329CF0258003B534E /* Release */ = {
			isa = XCBuildConfiguration;
			baseConfigurationReference = 60B1FB8A4F61F8E728570D1A /* Pods-MoyaMyTemplate.release.xcconfig */;
			buildSettings = {
				ASSETCATALOG_COMPILER_APPICON_NAME = AppIcon;
				ASSETCATALOG_COMPILER_GLOBAL_ACCENT_COLOR_NAME = AccentColor;
				CODE_SIGN_STYLE = Automatic;
				CURRENT_PROJECT_VERSION = 1;
				DEVELOPMENT_TEAM = T8V4E75DU8;
				GENERATE_INFOPLIST_FILE = YES;
				INFOPLIST_FILE = MoyaMyTemplate/Info.plist;
				INFOPLIST_KEY_UIApplicationSupportsIndirectInputEvents = YES;
				INFOPLIST_KEY_UILaunchStoryboardName = LaunchScreen;
				INFOPLIST_KEY_UIMainStoryboardFile = Main;
				INFOPLIST_KEY_UISupportedInterfaceOrientations_iPad = "UIInterfaceOrientationPortrait UIInterfaceOrientationPortraitUpsideDown UIInterfaceOrientationLandscapeLeft UIInterfaceOrientationLandscapeRight";
				INFOPLIST_KEY_UISupportedInterfaceOrientations_iPhone = "UIInterfaceOrientationPortrait UIInterfaceOrientationLandscapeLeft UIInterfaceOrientationLandscapeRight";
				LD_RUNPATH_SEARCH_PATHS = (
					"$(inherited)",
					"@executable_path/Frameworks",
				);
				MARKETING_VERSION = 1.0;
				PRODUCT_BUNDLE_IDENTIFIER = com.shafigin.emil.MoyaMyTemplate;
				PRODUCT_NAME = "$(TARGET_NAME)";
				SWIFT_EMIT_LOC_STRINGS = YES;
				SWIFT_VERSION = 5.0;
				TARGETED_DEVICE_FAMILY = "1,2";
			};
			name = Release;
		};
/* End XCBuildConfiguration section */

/* Begin XCConfigurationList section */
		49836B7829CF0257003B534E /* Build configuration list for PBXProject "MoyaMyTemplate" */ = {
			isa = XCConfigurationList;
			buildConfigurations = (
				49836B8F29CF0258003B534E /* Debug */,
				49836B9029CF0258003B534E /* Release */,
			);
			defaultConfigurationIsVisible = 0;
			defaultConfigurationName = Release;
		};
		49836B9129CF0258003B534E /* Build configuration list for PBXNativeTarget "MoyaMyTemplate" */ = {
			isa = XCConfigurationList;
			buildConfigurations = (
				49836B9229CF0258003B534E /* Debug */,
				49836B9329CF0258003B534E /* Release */,
			);
			defaultConfigurationIsVisible = 0;
			defaultConfigurationName = Release;
		};
/* End XCConfigurationList section */
	};
	rootObject = 49836B7529CF0257003B534E /* Project object */;
}
